// !$*UTF8*$!
{
	archiveVersion = 1;
	classes = {
	};
	objectVersion = 55;
	objects = {

/* Begin PBXBuildFile section */
		1B2D6AC4287E571A0061A9FF /* AppDelegate.swift in Sources */ = {isa = PBXBuildFile; fileRef = 1B2D6AC3287E571A0061A9FF /* AppDelegate.swift */; };
		1B2D6AC6287E571A0061A9FF /* SceneDelegate.swift in Sources */ = {isa = PBXBuildFile; fileRef = 1B2D6AC5287E571A0061A9FF /* SceneDelegate.swift */; };
		1B2D6AC8287E571A0061A9FF /* MainViewController.swift in Sources */ = {isa = PBXBuildFile; fileRef = 1B2D6AC7287E571A0061A9FF /* MainViewController.swift */; };
		1B2D6ACB287E571A0061A9FF /* Main.storyboard in Resources */ = {isa = PBXBuildFile; fileRef = 1B2D6AC9287E571A0061A9FF /* Main.storyboard */; };
		1B2D6ACD287E571B0061A9FF /* Assets.xcassets in Resources */ = {isa = PBXBuildFile; fileRef = 1B2D6ACC287E571B0061A9FF /* Assets.xcassets */; };
		1B2D6AD0287E571B0061A9FF /* LaunchScreen.storyboard in Resources */ = {isa = PBXBuildFile; fileRef = 1B2D6ACE287E571B0061A9FF /* LaunchScreen.storyboard */; };
		1B2D6ADE287E76C00061A9FF /* ContentsCollectionViewCell.xib in Resources */ = {isa = PBXBuildFile; fileRef = 1B2D6ADC287E76C00061A9FF /* ContentsCollectionViewCell.xib */; };
		1B2D6AE0287E7CF70061A9FF /* ContentsCollectionView.swift in Sources */ = {isa = PBXBuildFile; fileRef = 1B2D6ADF287E7CF70061A9FF /* ContentsCollectionView.swift */; };
		1B2D6AE2287E8C4A0061A9FF /* CommonRoundedButton.swift in Sources */ = {isa = PBXBuildFile; fileRef = 1B2D6AE1287E8C4A0061A9FF /* CommonRoundedButton.swift */; };
		1B2D6AE4287E90A10061A9FF /* CommonPageableScrollView.swift in Sources */ = {isa = PBXBuildFile; fileRef = 1B2D6AE3287E90A10061A9FF /* CommonPageableScrollView.swift */; };
		1B2D6AEC287E9BE20061A9FF /* Contents.swift in Sources */ = {isa = PBXBuildFile; fileRef = 1B2D6AEB287E9BE20061A9FF /* Contents.swift */; };
		1B2D6AEE287E9BE80061A9FF /* Banners.swift in Sources */ = {isa = PBXBuildFile; fileRef = 1B2D6AED287E9BE80061A9FF /* Banners.swift */; };
		1B2D6AF0287E9BF60061A9FF /* Header.swift in Sources */ = {isa = PBXBuildFile; fileRef = 1B2D6AEF287E9BF60061A9FF /* Header.swift */; };
		1B2D6AF2287E9BFE0061A9FF /* Footer.swift in Sources */ = {isa = PBXBuildFile; fileRef = 1B2D6AF1287E9BFE0061A9FF /* Footer.swift */; };
		1B2D6AF4287E9C310061A9FF /* Goods.swift in Sources */ = {isa = PBXBuildFile; fileRef = 1B2D6AF3287E9C310061A9FF /* Goods.swift */; };
		1B2D6AF6287E9C350061A9FF /* Styles.swift in Sources */ = {isa = PBXBuildFile; fileRef = 1B2D6AF5287E9C350061A9FF /* Styles.swift */; };
		1B2D6AF8287E9C620061A9FF /* ResponseData.swift in Sources */ = {isa = PBXBuildFile; fileRef = 1B2D6AF7287E9C620061A9FF /* ResponseData.swift */; };
		1B2D6AFB287EAF1A0061A9FF /* UseCaseContainer.swift in Sources */ = {isa = PBXBuildFile; fileRef = 1B2D6AFA287EAF1A0061A9FF /* UseCaseContainer.swift */; };
		1B2D6AFE287EAFBD0061A9FF /* UseCaseResponsible.swift in Sources */ = {isa = PBXBuildFile; fileRef = 1B2D6AFD287EAFBD0061A9FF /* UseCaseResponsible.swift */; };
		1B6097982882483B00281CF5 /* MainViewDelegate.swift in Sources */ = {isa = PBXBuildFile; fileRef = 1B6097972882483B00281CF5 /* MainViewDelegate.swift */; };
		1B60979A2882801F00281CF5 /* GridLayoutListModel.swift in Sources */ = {isa = PBXBuildFile; fileRef = 1B6097992882801F00281CF5 /* GridLayoutListModel.swift */; };
		1B60979C2882F6CA00281CF5 /* Notification+Name.swift in Sources */ = {isa = PBXBuildFile; fileRef = 1B60979B2882F6CA00281CF5 /* Notification+Name.swift */; };
		1B60979E2882FB5100281CF5 /* UICollectionReusableView+Extension.swift in Sources */ = {isa = PBXBuildFile; fileRef = 1B60979D2882FB5100281CF5 /* UICollectionReusableView+Extension.swift */; };
		1BE8B97A287EC60900C3DDE8 /* DisposeBag.swift in Sources */ = {isa = PBXBuildFile; fileRef = 1BE8B979287EC60900C3DDE8 /* DisposeBag.swift */; };
		1BE8B982287EC72200C3DDE8 /* MusinsaBeckTests.swift in Sources */ = {isa = PBXBuildFile; fileRef = 1BE8B981287EC72200C3DDE8 /* MusinsaBeckTests.swift */; };
		1BE8B989287ED5DE00C3DDE8 /* RequestInterviewUseCase.swift in Sources */ = {isa = PBXBuildFile; fileRef = 1BE8B988287ED5DE00C3DDE8 /* RequestInterviewUseCase.swift */; };
		1BE8B98B287ED8D100C3DDE8 /* RequestURLModel.swift in Sources */ = {isa = PBXBuildFile; fileRef = 1BE8B98A287ED8D100C3DDE8 /* RequestURLModel.swift */; };
		1BE8B98E287EDAED00C3DDE8 /* ResponseDecodeModel.swift in Sources */ = {isa = PBXBuildFile; fileRef = 1BE8B98D287EDAED00C3DDE8 /* ResponseDecodeModel.swift */; };
		1BE8B990287EDBE900C3DDE8 /* InterviewList.swift in Sources */ = {isa = PBXBuildFile; fileRef = 1BE8B98F287EDBE900C3DDE8 /* InterviewList.swift */; };
		1BE8B992287EE64200C3DDE8 /* Disposable.swift in Sources */ = {isa = PBXBuildFile; fileRef = 1BE8B991287EE64200C3DDE8 /* Disposable.swift */; };
		1BE8B994287FAD3A00C3DDE8 /* InterviewListModel.swift in Sources */ = {isa = PBXBuildFile; fileRef = 1BE8B993287FAD3A00C3DDE8 /* InterviewListModel.swift */; };
		1BE8B997287FD12D00C3DDE8 /* HeaderCollectionReusableView.swift in Sources */ = {isa = PBXBuildFile; fileRef = 1BE8B996287FD12D00C3DDE8 /* HeaderCollectionReusableView.swift */; };
		1BE8B99A287FD17500C3DDE8 /* BannerCollectionViewCell.swift in Sources */ = {isa = PBXBuildFile; fileRef = 1BE8B999287FD17500C3DDE8 /* BannerCollectionViewCell.swift */; };
		1BE8B99C287FD18500C3DDE8 /* ScrollCollectionViewCell.swift in Sources */ = {isa = PBXBuildFile; fileRef = 1BE8B99B287FD18500C3DDE8 /* ScrollCollectionViewCell.swift */; };
		1BE8B99E287FD19300C3DDE8 /* GridItemCollectionViewCell.swift in Sources */ = {isa = PBXBuildFile; fileRef = 1BE8B99D287FD19300C3DDE8 /* GridItemCollectionViewCell.swift */; };
		1BE8B9A0287FD1B900C3DDE8 /* FooterCollectionReusableView.swift in Sources */ = {isa = PBXBuildFile; fileRef = 1BE8B99F287FD1B900C3DDE8 /* FooterCollectionReusableView.swift */; };
		1BE8B9A2287FD32600C3DDE8 /* MainCollectionViewDataSource.swift in Sources */ = {isa = PBXBuildFile; fileRef = 1BE8B9A1287FD32600C3DDE8 /* MainCollectionViewDataSource.swift */; };
		1BE8B9A4287FF8E100C3DDE8 /* MainCollectionViewCell.swift in Sources */ = {isa = PBXBuildFile; fileRef = 1BE8B9A3287FF8E100C3DDE8 /* MainCollectionViewCell.swift */; };
		1BE8B9A6287FFB1D00C3DDE8 /* StyleGridItemCollectionViewCell.swift in Sources */ = {isa = PBXBuildFile; fileRef = 1BE8B9A5287FFB1D00C3DDE8 /* StyleGridItemCollectionViewCell.swift */; };
		1BE8B9A82881572100C3DDE8 /* StyleCollectionView.swift in Sources */ = {isa = PBXBuildFile; fileRef = 1BE8B9A72881572100C3DDE8 /* StyleCollectionView.swift */; };
/* End PBXBuildFile section */

/* Begin PBXContainerItemProxy section */
		1BE8B983287EC72200C3DDE8 /* PBXContainerItemProxy */ = {
			isa = PBXContainerItemProxy;
			containerPortal = 1B2D6AB8287E571A0061A9FF /* Project object */;
			proxyType = 1;
			remoteGlobalIDString = 1B2D6ABF287E571A0061A9FF;
			remoteInfo = MusinsaBeck;
		};
/* End PBXContainerItemProxy section */

/* Begin PBXFileReference section */
		1B2D6AC0287E571A0061A9FF /* MusinsaBeck.app */ = {isa = PBXFileReference; explicitFileType = wrapper.application; includeInIndex = 0; path = MusinsaBeck.app; sourceTree = BUILT_PRODUCTS_DIR; };
		1B2D6AC3287E571A0061A9FF /* AppDelegate.swift */ = {isa = PBXFileReference; lastKnownFileType = sourcecode.swift; path = AppDelegate.swift; sourceTree = "<group>"; };
		1B2D6AC5287E571A0061A9FF /* SceneDelegate.swift */ = {isa = PBXFileReference; lastKnownFileType = sourcecode.swift; path = SceneDelegate.swift; sourceTree = "<group>"; };
		1B2D6AC7287E571A0061A9FF /* MainViewController.swift */ = {isa = PBXFileReference; lastKnownFileType = sourcecode.swift; path = MainViewController.swift; sourceTree = "<group>"; };
		1B2D6ACA287E571A0061A9FF /* Base */ = {isa = PBXFileReference; lastKnownFileType = file.storyboard; name = Base; path = Base.lproj/Main.storyboard; sourceTree = "<group>"; };
		1B2D6ACC287E571B0061A9FF /* Assets.xcassets */ = {isa = PBXFileReference; lastKnownFileType = folder.assetcatalog; path = Assets.xcassets; sourceTree = "<group>"; };
		1B2D6ACF287E571B0061A9FF /* Base */ = {isa = PBXFileReference; lastKnownFileType = file.storyboard; name = Base; path = Base.lproj/LaunchScreen.storyboard; sourceTree = "<group>"; };
		1B2D6AD1287E571B0061A9FF /* Info.plist */ = {isa = PBXFileReference; lastKnownFileType = text.plist.xml; path = Info.plist; sourceTree = "<group>"; };
		1B2D6ADC287E76C00061A9FF /* ContentsCollectionViewCell.xib */ = {isa = PBXFileReference; lastKnownFileType = file.xib; path = ContentsCollectionViewCell.xib; sourceTree = "<group>"; };
		1B2D6ADF287E7CF70061A9FF /* ContentsCollectionView.swift */ = {isa = PBXFileReference; lastKnownFileType = sourcecode.swift; path = ContentsCollectionView.swift; sourceTree = "<group>"; };
		1B2D6AE1287E8C4A0061A9FF /* CommonRoundedButton.swift */ = {isa = PBXFileReference; lastKnownFileType = sourcecode.swift; path = CommonRoundedButton.swift; sourceTree = "<group>"; };
		1B2D6AE3287E90A10061A9FF /* CommonPageableScrollView.swift */ = {isa = PBXFileReference; lastKnownFileType = sourcecode.swift; path = CommonPageableScrollView.swift; sourceTree = "<group>"; };
		1B2D6AEB287E9BE20061A9FF /* Contents.swift */ = {isa = PBXFileReference; lastKnownFileType = sourcecode.swift; path = Contents.swift; sourceTree = "<group>"; };
		1B2D6AED287E9BE80061A9FF /* Banners.swift */ = {isa = PBXFileReference; lastKnownFileType = sourcecode.swift; path = Banners.swift; sourceTree = "<group>"; };
		1B2D6AEF287E9BF60061A9FF /* Header.swift */ = {isa = PBXFileReference; lastKnownFileType = sourcecode.swift; path = Header.swift; sourceTree = "<group>"; };
		1B2D6AF1287E9BFE0061A9FF /* Footer.swift */ = {isa = PBXFileReference; lastKnownFileType = sourcecode.swift; path = Footer.swift; sourceTree = "<group>"; };
		1B2D6AF3287E9C310061A9FF /* Goods.swift */ = {isa = PBXFileReference; lastKnownFileType = sourcecode.swift; path = Goods.swift; sourceTree = "<group>"; };
		1B2D6AF5287E9C350061A9FF /* Styles.swift */ = {isa = PBXFileReference; lastKnownFileType = sourcecode.swift; path = Styles.swift; sourceTree = "<group>"; };
		1B2D6AF7287E9C620061A9FF /* ResponseData.swift */ = {isa = PBXFileReference; lastKnownFileType = sourcecode.swift; path = ResponseData.swift; sourceTree = "<group>"; };
		1B2D6AFA287EAF1A0061A9FF /* UseCaseContainer.swift */ = {isa = PBXFileReference; lastKnownFileType = sourcecode.swift; path = UseCaseContainer.swift; sourceTree = "<group>"; };
		1B2D6AFD287EAFBD0061A9FF /* UseCaseResponsible.swift */ = {isa = PBXFileReference; lastKnownFileType = sourcecode.swift; path = UseCaseResponsible.swift; sourceTree = "<group>"; };
		1B6097972882483B00281CF5 /* MainViewDelegate.swift */ = {isa = PBXFileReference; lastKnownFileType = sourcecode.swift; path = MainViewDelegate.swift; sourceTree = "<group>"; };
		1B6097992882801F00281CF5 /* GridLayoutListModel.swift */ = {isa = PBXFileReference; lastKnownFileType = sourcecode.swift; path = GridLayoutListModel.swift; sourceTree = "<group>"; };
		1B60979B2882F6CA00281CF5 /* Notification+Name.swift */ = {isa = PBXFileReference; lastKnownFileType = sourcecode.swift; path = "Notification+Name.swift"; sourceTree = "<group>"; };
		1B60979D2882FB5100281CF5 /* UICollectionReusableView+Extension.swift */ = {isa = PBXFileReference; lastKnownFileType = sourcecode.swift; path = "UICollectionReusableView+Extension.swift"; sourceTree = "<group>"; };
		1BE8B979287EC60900C3DDE8 /* DisposeBag.swift */ = {isa = PBXFileReference; lastKnownFileType = sourcecode.swift; path = DisposeBag.swift; sourceTree = "<group>"; };
		1BE8B97F287EC72200C3DDE8 /* MusinsaBeckTests.xctest */ = {isa = PBXFileReference; explicitFileType = wrapper.cfbundle; includeInIndex = 0; path = MusinsaBeckTests.xctest; sourceTree = BUILT_PRODUCTS_DIR; };
		1BE8B981287EC72200C3DDE8 /* MusinsaBeckTests.swift */ = {isa = PBXFileReference; lastKnownFileType = sourcecode.swift; path = MusinsaBeckTests.swift; sourceTree = "<group>"; };
		1BE8B988287ED5DE00C3DDE8 /* RequestInterviewUseCase.swift */ = {isa = PBXFileReference; lastKnownFileType = sourcecode.swift; path = RequestInterviewUseCase.swift; sourceTree = "<group>"; };
		1BE8B98A287ED8D100C3DDE8 /* RequestURLModel.swift */ = {isa = PBXFileReference; lastKnownFileType = sourcecode.swift; path = RequestURLModel.swift; sourceTree = "<group>"; };
		1BE8B98D287EDAED00C3DDE8 /* ResponseDecodeModel.swift */ = {isa = PBXFileReference; lastKnownFileType = sourcecode.swift; path = ResponseDecodeModel.swift; sourceTree = "<group>"; };
		1BE8B98F287EDBE900C3DDE8 /* InterviewList.swift */ = {isa = PBXFileReference; lastKnownFileType = sourcecode.swift; path = InterviewList.swift; sourceTree = "<group>"; };
		1BE8B991287EE64200C3DDE8 /* Disposable.swift */ = {isa = PBXFileReference; lastKnownFileType = sourcecode.swift; path = Disposable.swift; sourceTree = "<group>"; };
		1BE8B993287FAD3A00C3DDE8 /* InterviewListModel.swift */ = {isa = PBXFileReference; lastKnownFileType = sourcecode.swift; path = InterviewListModel.swift; sourceTree = "<group>"; };
		1BE8B996287FD12D00C3DDE8 /* HeaderCollectionReusableView.swift */ = {isa = PBXFileReference; lastKnownFileType = sourcecode.swift; path = HeaderCollectionReusableView.swift; sourceTree = "<group>"; };
		1BE8B999287FD17500C3DDE8 /* BannerCollectionViewCell.swift */ = {isa = PBXFileReference; lastKnownFileType = sourcecode.swift; path = BannerCollectionViewCell.swift; sourceTree = "<group>"; };
		1BE8B99B287FD18500C3DDE8 /* ScrollCollectionViewCell.swift */ = {isa = PBXFileReference; lastKnownFileType = sourcecode.swift; path = ScrollCollectionViewCell.swift; sourceTree = "<group>"; };
		1BE8B99D287FD19300C3DDE8 /* GridItemCollectionViewCell.swift */ = {isa = PBXFileReference; lastKnownFileType = sourcecode.swift; path = GridItemCollectionViewCell.swift; sourceTree = "<group>"; };
		1BE8B99F287FD1B900C3DDE8 /* FooterCollectionReusableView.swift */ = {isa = PBXFileReference; lastKnownFileType = sourcecode.swift; path = FooterCollectionReusableView.swift; sourceTree = "<group>"; };
		1BE8B9A1287FD32600C3DDE8 /* MainCollectionViewDataSource.swift */ = {isa = PBXFileReference; lastKnownFileType = sourcecode.swift; path = MainCollectionViewDataSource.swift; sourceTree = "<group>"; };
		1BE8B9A3287FF8E100C3DDE8 /* MainCollectionViewCell.swift */ = {isa = PBXFileReference; lastKnownFileType = sourcecode.swift; path = MainCollectionViewCell.swift; sourceTree = "<group>"; };
		1BE8B9A5287FFB1D00C3DDE8 /* StyleGridItemCollectionViewCell.swift */ = {isa = PBXFileReference; lastKnownFileType = sourcecode.swift; name = StyleGridItemCollectionViewCell.swift; path = MusinsaBeck/View/CustomClass/StyleGridItemCollectionViewCell.swift; sourceTree = SOURCE_ROOT; };
		1BE8B9A72881572100C3DDE8 /* StyleCollectionView.swift */ = {isa = PBXFileReference; lastKnownFileType = sourcecode.swift; path = StyleCollectionView.swift; sourceTree = "<group>"; };
/* End PBXFileReference section */

/* Begin PBXFrameworksBuildPhase section */
		1B2D6ABD287E571A0061A9FF /* Frameworks */ = {
			isa = PBXFrameworksBuildPhase;
			buildActionMask = 2147483647;
			files = (
			);
			runOnlyForDeploymentPostprocessing = 0;
		};
		1BE8B97C287EC72200C3DDE8 /* Frameworks */ = {
			isa = PBXFrameworksBuildPhase;
			buildActionMask = 2147483647;
			files = (
			);
			runOnlyForDeploymentPostprocessing = 0;
		};
/* End PBXFrameworksBuildPhase section */

/* Begin PBXGroup section */
		1B2D6AB7287E571A0061A9FF = {
			isa = PBXGroup;
			children = (
				1B2D6AC2287E571A0061A9FF /* MusinsaBeck */,
				1BE8B980287EC72200C3DDE8 /* MusinsaBeckTests */,
				1B2D6AC1287E571A0061A9FF /* Products */,
			);
			sourceTree = "<group>";
		};
		1B2D6AC1287E571A0061A9FF /* Products */ = {
			isa = PBXGroup;
			children = (
				1B2D6AC0287E571A0061A9FF /* MusinsaBeck.app */,
				1BE8B97F287EC72200C3DDE8 /* MusinsaBeckTests.xctest */,
			);
			name = Products;
			sourceTree = "<group>";
		};
		1B2D6AC2287E571A0061A9FF /* MusinsaBeck */ = {
			isa = PBXGroup;
			children = (
				1B2D6AE7287E95830061A9FF /* Resources */,
				1B2D6AE9287E95C70061A9FF /* Controller */,
				1B2D6AE8287E95C10061A9FF /* View */,
				1B2D6AFC287EAF1E0061A9FF /* UseCase */,
				1BE8B98C287ED8D600C3DDE8 /* Model */,
				1B2D6AF9287E9C6E0061A9FF /* Entity */,
			);
			path = MusinsaBeck;
			sourceTree = "<group>";
		};
		1B2D6AE7287E95830061A9FF /* Resources */ = {
			isa = PBXGroup;
			children = (
				1B2D6AC3287E571A0061A9FF /* AppDelegate.swift */,
				1B2D6AC5287E571A0061A9FF /* SceneDelegate.swift */,
				1B60979B2882F6CA00281CF5 /* Notification+Name.swift */,
				1B2D6ACC287E571B0061A9FF /* Assets.xcassets */,
				1B2D6AD1287E571B0061A9FF /* Info.plist */,
			);
			path = Resources;
			sourceTree = "<group>";
		};
		1B2D6AE8287E95C10061A9FF /* View */ = {
			isa = PBXGroup;
			children = (
				1BE8B998287FD13100C3DDE8 /* CustomClass */,
				1B2D6AEA287E971E0061A9FF /* Commons */,
				1B2D6AC9287E571A0061A9FF /* Main.storyboard */,
				1B2D6ADC287E76C00061A9FF /* ContentsCollectionViewCell.xib */,
				1B2D6ACE287E571B0061A9FF /* LaunchScreen.storyboard */,
			);
			path = View;
			sourceTree = "<group>";
		};
		1B2D6AE9287E95C70061A9FF /* Controller */ = {
			isa = PBXGroup;
			children = (
				1B2D6AC7287E571A0061A9FF /* MainViewController.swift */,
				1BE8B9A1287FD32600C3DDE8 /* MainCollectionViewDataSource.swift */,
				1B6097972882483B00281CF5 /* MainViewDelegate.swift */,
			);
			path = Controller;
			sourceTree = "<group>";
		};
		1B2D6AEA287E971E0061A9FF /* Commons */ = {
			isa = PBXGroup;
			children = (
				1B60979D2882FB5100281CF5 /* UICollectionReusableView+Extension.swift */,
				1B2D6AE3287E90A10061A9FF /* CommonPageableScrollView.swift */,
				1B2D6AE1287E8C4A0061A9FF /* CommonRoundedButton.swift */,
				1B2D6ADF287E7CF70061A9FF /* ContentsCollectionView.swift */,
				1BE8B9A72881572100C3DDE8 /* StyleCollectionView.swift */,
			);
			path = Commons;
			sourceTree = "<group>";
		};
		1B2D6AF9287E9C6E0061A9FF /* Entity */ = {
			isa = PBXGroup;
			children = (
				1BE8B98F287EDBE900C3DDE8 /* InterviewList.swift */,
				1B2D6AF7287E9C620061A9FF /* ResponseData.swift */,
				1B2D6AEF287E9BF60061A9FF /* Header.swift */,
				1B2D6AEB287E9BE20061A9FF /* Contents.swift */,
				1B2D6AED287E9BE80061A9FF /* Banners.swift */,
				1B2D6AF3287E9C310061A9FF /* Goods.swift */,
				1B2D6AF5287E9C350061A9FF /* Styles.swift */,
				1B2D6AF1287E9BFE0061A9FF /* Footer.swift */,
			);
			path = Entity;
			sourceTree = "<group>";
		};
		1B2D6AFC287EAF1E0061A9FF /* UseCase */ = {
			isa = PBXGroup;
			children = (
				1BE8B995287FC74200C3DDE8 /* Dispose */,
				1B2D6AFA287EAF1A0061A9FF /* UseCaseContainer.swift */,
				1B2D6AFD287EAFBD0061A9FF /* UseCaseResponsible.swift */,
				1BE8B988287ED5DE00C3DDE8 /* RequestInterviewUseCase.swift */,
			);
			path = UseCase;
			sourceTree = "<group>";
		};
		1BE8B980287EC72200C3DDE8 /* MusinsaBeckTests */ = {
			isa = PBXGroup;
			children = (
				1BE8B981287EC72200C3DDE8 /* MusinsaBeckTests.swift */,
			);
			path = MusinsaBeckTests;
			sourceTree = "<group>";
		};
		1BE8B98C287ED8D600C3DDE8 /* Model */ = {
			isa = PBXGroup;
			children = (
				1BE8B98A287ED8D100C3DDE8 /* RequestURLModel.swift */,
				1BE8B98D287EDAED00C3DDE8 /* ResponseDecodeModel.swift */,
				1BE8B993287FAD3A00C3DDE8 /* InterviewListModel.swift */,
				1B6097992882801F00281CF5 /* GridLayoutListModel.swift */,
			);
			path = Model;
			sourceTree = "<group>";
		};
		1BE8B995287FC74200C3DDE8 /* Dispose */ = {
			isa = PBXGroup;
			children = (
				1BE8B979287EC60900C3DDE8 /* DisposeBag.swift */,
				1BE8B991287EE64200C3DDE8 /* Disposable.swift */,
			);
			path = Dispose;
			sourceTree = "<group>";
		};
		1BE8B998287FD13100C3DDE8 /* CustomClass */ = {
			isa = PBXGroup;
			children = (
				1BE8B996287FD12D00C3DDE8 /* HeaderCollectionReusableView.swift */,
				1BE8B9A3287FF8E100C3DDE8 /* MainCollectionViewCell.swift */,
				1BE8B999287FD17500C3DDE8 /* BannerCollectionViewCell.swift */,
				1BE8B99B287FD18500C3DDE8 /* ScrollCollectionViewCell.swift */,
				1BE8B99D287FD19300C3DDE8 /* GridItemCollectionViewCell.swift */,
				1BE8B9A5287FFB1D00C3DDE8 /* StyleGridItemCollectionViewCell.swift */,
				1BE8B99F287FD1B900C3DDE8 /* FooterCollectionReusableView.swift */,
			);
			path = CustomClass;
			sourceTree = "<group>";
		};
/* End PBXGroup section */

/* Begin PBXNativeTarget section */
		1B2D6ABF287E571A0061A9FF /* MusinsaBeck */ = {
			isa = PBXNativeTarget;
			buildConfigurationList = 1B2D6AD4287E571B0061A9FF /* Build configuration list for PBXNativeTarget "MusinsaBeck" */;
			buildPhases = (
				1B2D6ABC287E571A0061A9FF /* Sources */,
				1B2D6ABD287E571A0061A9FF /* Frameworks */,
				1B2D6ABE287E571A0061A9FF /* Resources */,
			);
			buildRules = (
			);
			dependencies = (
			);
			name = MusinsaBeck;
			productName = MusinsaBeck;
			productReference = 1B2D6AC0287E571A0061A9FF /* MusinsaBeck.app */;
			productType = "com.apple.product-type.application";
		};
		1BE8B97E287EC72200C3DDE8 /* MusinsaBeckTests */ = {
			isa = PBXNativeTarget;
			buildConfigurationList = 1BE8B985287EC72200C3DDE8 /* Build configuration list for PBXNativeTarget "MusinsaBeckTests" */;
			buildPhases = (
				1BE8B97B287EC72200C3DDE8 /* Sources */,
				1BE8B97C287EC72200C3DDE8 /* Frameworks */,
				1BE8B97D287EC72200C3DDE8 /* Resources */,
			);
			buildRules = (
			);
			dependencies = (
				1BE8B984287EC72200C3DDE8 /* PBXTargetDependency */,
			);
			name = MusinsaBeckTests;
			productName = MusinsaBeckTests;
			productReference = 1BE8B97F287EC72200C3DDE8 /* MusinsaBeckTests.xctest */;
			productType = "com.apple.product-type.bundle.unit-test";
		};
/* End PBXNativeTarget section */

/* Begin PBXProject section */
		1B2D6AB8287E571A0061A9FF /* Project object */ = {
			isa = PBXProject;
			attributes = {
				BuildIndependentTargetsInParallel = 1;
				LastSwiftUpdateCheck = 1340;
				LastUpgradeCheck = 1340;
				TargetAttributes = {
					1B2D6ABF287E571A0061A9FF = {
						CreatedOnToolsVersion = 13.4;
					};
					1BE8B97E287EC72200C3DDE8 = {
						CreatedOnToolsVersion = 13.4;
						TestTargetID = 1B2D6ABF287E571A0061A9FF;
					};
				};
			};
			buildConfigurationList = 1B2D6ABB287E571A0061A9FF /* Build configuration list for PBXProject "MusinsaBeck" */;
			compatibilityVersion = "Xcode 13.0";
			developmentRegion = en;
			hasScannedForEncodings = 0;
			knownRegions = (
				en,
				Base,
			);
			mainGroup = 1B2D6AB7287E571A0061A9FF;
			productRefGroup = 1B2D6AC1287E571A0061A9FF /* Products */;
			projectDirPath = "";
			projectRoot = "";
			targets = (
				1B2D6ABF287E571A0061A9FF /* MusinsaBeck */,
				1BE8B97E287EC72200C3DDE8 /* MusinsaBeckTests */,
			);
		};
/* End PBXProject section */

/* Begin PBXResourcesBuildPhase section */
		1B2D6ABE287E571A0061A9FF /* Resources */ = {
			isa = PBXResourcesBuildPhase;
			buildActionMask = 2147483647;
			files = (
				1B2D6ADE287E76C00061A9FF /* ContentsCollectionViewCell.xib in Resources */,
				1B2D6AD0287E571B0061A9FF /* LaunchScreen.storyboard in Resources */,
				1B2D6ACD287E571B0061A9FF /* Assets.xcassets in Resources */,
				1B2D6ACB287E571A0061A9FF /* Main.storyboard in Resources */,
			);
			runOnlyForDeploymentPostprocessing = 0;
		};
		1BE8B97D287EC72200C3DDE8 /* Resources */ = {
			isa = PBXResourcesBuildPhase;
			buildActionMask = 2147483647;
			files = (
			);
			runOnlyForDeploymentPostprocessing = 0;
		};
/* End PBXResourcesBuildPhase section */

/* Begin PBXSourcesBuildPhase section */
		1B2D6ABC287E571A0061A9FF /* Sources */ = {
			isa = PBXSourcesBuildPhase;
			buildActionMask = 2147483647;
			files = (
				1BE8B9A2287FD32600C3DDE8 /* MainCollectionViewDataSource.swift in Sources */,
				1B2D6AF0287E9BF60061A9FF /* Header.swift in Sources */,
				1B2D6AFB287EAF1A0061A9FF /* UseCaseContainer.swift in Sources */,
				1B2D6AFE287EAFBD0061A9FF /* UseCaseResponsible.swift in Sources */,
				1B2D6AE2287E8C4A0061A9FF /* CommonRoundedButton.swift in Sources */,
				1BE8B97A287EC60900C3DDE8 /* DisposeBag.swift in Sources */,
				1B2D6AF6287E9C350061A9FF /* Styles.swift in Sources */,
				1B2D6AEE287E9BE80061A9FF /* Banners.swift in Sources */,
				1B2D6AC8287E571A0061A9FF /* MainViewController.swift in Sources */,
				1B2D6AC4287E571A0061A9FF /* AppDelegate.swift in Sources */,
				1B2D6AE4287E90A10061A9FF /* CommonPageableScrollView.swift in Sources */,
				1B2D6AF8287E9C620061A9FF /* ResponseData.swift in Sources */,
				1B60979E2882FB5100281CF5 /* UICollectionReusableView+Extension.swift in Sources */,
				1B60979A2882801F00281CF5 /* GridLayoutListModel.swift in Sources */,
				1B6097982882483B00281CF5 /* MainViewDelegate.swift in Sources */,
				1B2D6AC6287E571A0061A9FF /* SceneDelegate.swift in Sources */,
				1B2D6AE0287E7CF70061A9FF /* ContentsCollectionView.swift in Sources */,
				1BE8B9A0287FD1B900C3DDE8 /* FooterCollectionReusableView.swift in Sources */,
				1B60979C2882F6CA00281CF5 /* Notification+Name.swift in Sources */,
				1B2D6AF2287E9BFE0061A9FF /* Footer.swift in Sources */,
				1BE8B9A4287FF8E100C3DDE8 /* MainCollectionViewCell.swift in Sources */,
				1B2D6AF4287E9C310061A9FF /* Goods.swift in Sources */,
				1BE8B990287EDBE900C3DDE8 /* InterviewList.swift in Sources */,
				1BE8B997287FD12D00C3DDE8 /* HeaderCollectionReusableView.swift in Sources */,
				1BE8B99E287FD19300C3DDE8 /* GridItemCollectionViewCell.swift in Sources */,
				1BE8B99A287FD17500C3DDE8 /* BannerCollectionViewCell.swift in Sources */,
				1BE8B99C287FD18500C3DDE8 /* ScrollCollectionViewCell.swift in Sources */,
				1BE8B9A6287FFB1D00C3DDE8 /* StyleGridItemCollectionViewCell.swift in Sources */,
				1BE8B994287FAD3A00C3DDE8 /* InterviewListModel.swift in Sources */,
				1BE8B98E287EDAED00C3DDE8 /* ResponseDecodeModel.swift in Sources */,
				1BE8B98B287ED8D100C3DDE8 /* RequestURLModel.swift in Sources */,
				1BE8B992287EE64200C3DDE8 /* Disposable.swift in Sources */,
				1B2D6AEC287E9BE20061A9FF /* Contents.swift in Sources */,
				1BE8B9A82881572100C3DDE8 /* StyleCollectionView.swift in Sources */,
				1BE8B989287ED5DE00C3DDE8 /* RequestInterviewUseCase.swift in Sources */,
			);
			runOnlyForDeploymentPostprocessing = 0;
		};
		1BE8B97B287EC72200C3DDE8 /* Sources */ = {
			isa = PBXSourcesBuildPhase;
			buildActionMask = 2147483647;
			files = (
				1BE8B982287EC72200C3DDE8 /* MusinsaBeckTests.swift in Sources */,
			);
			runOnlyForDeploymentPostprocessing = 0;
		};
/* End PBXSourcesBuildPhase section */

/* Begin PBXTargetDependency section */
		1BE8B984287EC72200C3DDE8 /* PBXTargetDependency */ = {
			isa = PBXTargetDependency;
			target = 1B2D6ABF287E571A0061A9FF /* MusinsaBeck */;
			targetProxy = 1BE8B983287EC72200C3DDE8 /* PBXContainerItemProxy */;
		};
/* End PBXTargetDependency section */

/* Begin PBXVariantGroup section */
		1B2D6AC9287E571A0061A9FF /* Main.storyboard */ = {
			isa = PBXVariantGroup;
			children = (
				1B2D6ACA287E571A0061A9FF /* Base */,
			);
			name = Main.storyboard;
			sourceTree = "<group>";
		};
		1B2D6ACE287E571B0061A9FF /* LaunchScreen.storyboard */ = {
			isa = PBXVariantGroup;
			children = (
				1B2D6ACF287E571B0061A9FF /* Base */,
			);
			name = LaunchScreen.storyboard;
			sourceTree = "<group>";
		};
/* End PBXVariantGroup section */

/* Begin XCBuildConfiguration section */
		1B2D6AD2287E571B0061A9FF /* Debug */ = {
			isa = XCBuildConfiguration;
			buildSettings = {
				ALWAYS_SEARCH_USER_PATHS = NO;
				CLANG_ANALYZER_NONNULL = YES;
				CLANG_ANALYZER_NUMBER_OBJECT_CONVERSION = YES_AGGRESSIVE;
				CLANG_CXX_LANGUAGE_STANDARD = "gnu++17";
				CLANG_ENABLE_MODULES = YES;
				CLANG_ENABLE_OBJC_ARC = YES;
				CLANG_ENABLE_OBJC_WEAK = YES;
				CLANG_WARN_BLOCK_CAPTURE_AUTORELEASING = YES;
				CLANG_WARN_BOOL_CONVERSION = YES;
				CLANG_WARN_COMMA = YES;
				CLANG_WARN_CONSTANT_CONVERSION = YES;
				CLANG_WARN_DEPRECATED_OBJC_IMPLEMENTATIONS = YES;
				CLANG_WARN_DIRECT_OBJC_ISA_USAGE = YES_ERROR;
				CLANG_WARN_DOCUMENTATION_COMMENTS = YES;
				CLANG_WARN_EMPTY_BODY = YES;
				CLANG_WARN_ENUM_CONVERSION = YES;
				CLANG_WARN_INFINITE_RECURSION = YES;
				CLANG_WARN_INT_CONVERSION = YES;
				CLANG_WARN_NON_LITERAL_NULL_CONVERSION = YES;
				CLANG_WARN_OBJC_IMPLICIT_RETAIN_SELF = YES;
				CLANG_WARN_OBJC_LITERAL_CONVERSION = YES;
				CLANG_WARN_OBJC_ROOT_CLASS = YES_ERROR;
				CLANG_WARN_QUOTED_INCLUDE_IN_FRAMEWORK_HEADER = YES;
				CLANG_WARN_RANGE_LOOP_ANALYSIS = YES;
				CLANG_WARN_STRICT_PROTOTYPES = YES;
				CLANG_WARN_SUSPICIOUS_MOVE = YES;
				CLANG_WARN_UNGUARDED_AVAILABILITY = YES_AGGRESSIVE;
				CLANG_WARN_UNREACHABLE_CODE = YES;
				CLANG_WARN__DUPLICATE_METHOD_MATCH = YES;
				COPY_PHASE_STRIP = NO;
				DEBUG_INFORMATION_FORMAT = dwarf;
				ENABLE_STRICT_OBJC_MSGSEND = YES;
				ENABLE_TESTABILITY = YES;
				GCC_C_LANGUAGE_STANDARD = gnu11;
				GCC_DYNAMIC_NO_PIC = NO;
				GCC_NO_COMMON_BLOCKS = YES;
				GCC_OPTIMIZATION_LEVEL = 0;
				GCC_PREPROCESSOR_DEFINITIONS = (
					"DEBUG=1",
					"$(inherited)",
				);
				GCC_WARN_64_TO_32_BIT_CONVERSION = YES;
				GCC_WARN_ABOUT_RETURN_TYPE = YES_ERROR;
				GCC_WARN_UNDECLARED_SELECTOR = YES;
				GCC_WARN_UNINITIALIZED_AUTOS = YES_AGGRESSIVE;
				GCC_WARN_UNUSED_FUNCTION = YES;
				GCC_WARN_UNUSED_VARIABLE = YES;
				IPHONEOS_DEPLOYMENT_TARGET = 15.0;
				MTL_ENABLE_DEBUG_INFO = INCLUDE_SOURCE;
				MTL_FAST_MATH = YES;
				ONLY_ACTIVE_ARCH = YES;
				SDKROOT = iphoneos;
				SWIFT_ACTIVE_COMPILATION_CONDITIONS = DEBUG;
				SWIFT_OPTIMIZATION_LEVEL = "-Onone";
			};
			name = Debug;
		};
		1B2D6AD3287E571B0061A9FF /* Release */ = {
			isa = XCBuildConfiguration;
			buildSettings = {
				ALWAYS_SEARCH_USER_PATHS = NO;
				CLANG_ANALYZER_NONNULL = YES;
				CLANG_ANALYZER_NUMBER_OBJECT_CONVERSION = YES_AGGRESSIVE;
				CLANG_CXX_LANGUAGE_STANDARD = "gnu++17";
				CLANG_ENABLE_MODULES = YES;
				CLANG_ENABLE_OBJC_ARC = YES;
				CLANG_ENABLE_OBJC_WEAK = YES;
				CLANG_WARN_BLOCK_CAPTURE_AUTORELEASING = YES;
				CLANG_WARN_BOOL_CONVERSION = YES;
				CLANG_WARN_COMMA = YES;
				CLANG_WARN_CONSTANT_CONVERSION = YES;
				CLANG_WARN_DEPRECATED_OBJC_IMPLEMENTATIONS = YES;
				CLANG_WARN_DIRECT_OBJC_ISA_USAGE = YES_ERROR;
				CLANG_WARN_DOCUMENTATION_COMMENTS = YES;
				CLANG_WARN_EMPTY_BODY = YES;
				CLANG_WARN_ENUM_CONVERSION = YES;
				CLANG_WARN_INFINITE_RECURSION = YES;
				CLANG_WARN_INT_CONVERSION = YES;
				CLANG_WARN_NON_LITERAL_NULL_CONVERSION = YES;
				CLANG_WARN_OBJC_IMPLICIT_RETAIN_SELF = YES;
				CLANG_WARN_OBJC_LITERAL_CONVERSION = YES;
				CLANG_WARN_OBJC_ROOT_CLASS = YES_ERROR;
				CLANG_WARN_QUOTED_INCLUDE_IN_FRAMEWORK_HEADER = YES;
				CLANG_WARN_RANGE_LOOP_ANALYSIS = YES;
				CLANG_WARN_STRICT_PROTOTYPES = YES;
				CLANG_WARN_SUSPICIOUS_MOVE = YES;
				CLANG_WARN_UNGUARDED_AVAILABILITY = YES_AGGRESSIVE;
				CLANG_WARN_UNREACHABLE_CODE = YES;
				CLANG_WARN__DUPLICATE_METHOD_MATCH = YES;
				COPY_PHASE_STRIP = NO;
				DEBUG_INFORMATION_FORMAT = "dwarf-with-dsym";
				ENABLE_NS_ASSERTIONS = NO;
				ENABLE_STRICT_OBJC_MSGSEND = YES;
				GCC_C_LANGUAGE_STANDARD = gnu11;
				GCC_NO_COMMON_BLOCKS = YES;
				GCC_WARN_64_TO_32_BIT_CONVERSION = YES;
				GCC_WARN_ABOUT_RETURN_TYPE = YES_ERROR;
				GCC_WARN_UNDECLARED_SELECTOR = YES;
				GCC_WARN_UNINITIALIZED_AUTOS = YES_AGGRESSIVE;
				GCC_WARN_UNUSED_FUNCTION = YES;
				GCC_WARN_UNUSED_VARIABLE = YES;
				IPHONEOS_DEPLOYMENT_TARGET = 15.0;
				MTL_ENABLE_DEBUG_INFO = NO;
				MTL_FAST_MATH = YES;
				SDKROOT = iphoneos;
				SWIFT_COMPILATION_MODE = wholemodule;
				SWIFT_OPTIMIZATION_LEVEL = "-O";
				VALIDATE_PRODUCT = YES;
			};
			name = Release;
		};
		1B2D6AD5287E571B0061A9FF /* Debug */ = {
			isa = XCBuildConfiguration;
			buildSettings = {
				ASSETCATALOG_COMPILER_APPICON_NAME = AppIcon;
				ASSETCATALOG_COMPILER_GLOBAL_ACCENT_COLOR_NAME = AccentColor;
				CODE_SIGN_STYLE = Automatic;
				CURRENT_PROJECT_VERSION = 1;
				DEVELOPMENT_TEAM = L3ZPWB4HNK;
				GENERATE_INFOPLIST_FILE = YES;
				INFOPLIST_FILE = MusinsaBeck/Resources/Info.plist;
				INFOPLIST_KEY_UIApplicationSupportsIndirectInputEvents = YES;
				INFOPLIST_KEY_UILaunchStoryboardName = LaunchScreen;
				INFOPLIST_KEY_UIMainStoryboardFile = Main;
				INFOPLIST_KEY_UISupportedInterfaceOrientations_iPad = "UIInterfaceOrientationPortrait UIInterfaceOrientationPortraitUpsideDown UIInterfaceOrientationLandscapeLeft UIInterfaceOrientationLandscapeRight";
				INFOPLIST_KEY_UISupportedInterfaceOrientations_iPhone = "UIInterfaceOrientationPortrait UIInterfaceOrientationLandscapeLeft UIInterfaceOrientationLandscapeRight";
				LD_RUNPATH_SEARCH_PATHS = (
					"$(inherited)",
					"@executable_path/Frameworks",
				);
				MARKETING_VERSION = 1.0;
				PRODUCT_BUNDLE_IDENTIFIER = com.sanghwiback.MusinsaBeck;
				PRODUCT_NAME = "$(TARGET_NAME)";
				SWIFT_EMIT_LOC_STRINGS = YES;
				SWIFT_VERSION = 5.0;
				TARGETED_DEVICE_FAMILY = "1,2";
			};
			name = Debug;
		};
		1B2D6AD6287E571B0061A9FF /* Release */ = {
			isa = XCBuildConfiguration;
			buildSettings = {
				ASSETCATALOG_COMPILER_APPICON_NAME = AppIcon;
				ASSETCATALOG_COMPILER_GLOBAL_ACCENT_COLOR_NAME = AccentColor;
				CODE_SIGN_STYLE = Automatic;
				CURRENT_PROJECT_VERSION = 1;
				DEVELOPMENT_TEAM = L3ZPWB4HNK;
				GENERATE_INFOPLIST_FILE = YES;
				INFOPLIST_FILE = MusinsaBeck/Resources/Info.plist;
				INFOPLIST_KEY_UIApplicationSupportsIndirectInputEvents = YES;
				INFOPLIST_KEY_UILaunchStoryboardName = LaunchScreen;
				INFOPLIST_KEY_UIMainStoryboardFile = Main;
				INFOPLIST_KEY_UISupportedInterfaceOrientations_iPad = "UIInterfaceOrientationPortrait UIInterfaceOrientationPortraitUpsideDown UIInterfaceOrientationLandscapeLeft UIInterfaceOrientationLandscapeRight";
				INFOPLIST_KEY_UISupportedInterfaceOrientations_iPhone = "UIInterfaceOrientationPortrait UIInterfaceOrientationLandscapeLeft UIInterfaceOrientationLandscapeRight";
				LD_RUNPATH_SEARCH_PATHS = (
					"$(inherited)",
					"@executable_path/Frameworks",
				);
				MARKETING_VERSION = 1.0;
				PRODUCT_BUNDLE_IDENTIFIER = com.sanghwiback.MusinsaBeck;
				PRODUCT_NAME = "$(TARGET_NAME)";
				SWIFT_EMIT_LOC_STRINGS = YES;
				SWIFT_VERSION = 5.0;
				TARGETED_DEVICE_FAMILY = "1,2";
			};
			name = Release;
		};
		1BE8B986287EC72200C3DDE8 /* Debug */ = {
			isa = XCBuildConfiguration;
			buildSettings = {
				BUNDLE_LOADER = "$(TEST_HOST)";
				CODE_SIGN_STYLE = Automatic;
				CURRENT_PROJECT_VERSION = 1;
				DEVELOPMENT_TEAM = L3ZPWB4HNK;
				GENERATE_INFOPLIST_FILE = YES;
				IPHONEOS_DEPLOYMENT_TARGET = 15.5;
				MARKETING_VERSION = 1.0;
				PRODUCT_BUNDLE_IDENTIFIER = com.sanghwiback.MusinsaBeckTests;
				PRODUCT_NAME = "$(TARGET_NAME)";
				SWIFT_EMIT_LOC_STRINGS = NO;
				SWIFT_VERSION = 5.0;
				TARGETED_DEVICE_FAMILY = "1,2";
				TEST_HOST = "$(BUILT_PRODUCTS_DIR)/MusinsaBeck.app/MusinsaBeck";
			};
			name = Debug;
		};
		1BE8B987287EC72200C3DDE8 /* Release */ = {
			isa = XCBuildConfiguration;
			buildSettings = {
				BUNDLE_LOADER = "$(TEST_HOST)";
				CODE_SIGN_STYLE = Automatic;
				CURRENT_PROJECT_VERSION = 1;
				DEVELOPMENT_TEAM = L3ZPWB4HNK;
				GENERATE_INFOPLIST_FILE = YES;
				IPHONEOS_DEPLOYMENT_TARGET = 15.5;
				MARKETING_VERSION = 1.0;
				PRODUCT_BUNDLE_IDENTIFIER = com.sanghwiback.MusinsaBeckTests;
				PRODUCT_NAME = "$(TARGET_NAME)";
				SWIFT_EMIT_LOC_STRINGS = NO;
				SWIFT_VERSION = 5.0;
				TARGETED_DEVICE_FAMILY = "1,2";
				TEST_HOST = "$(BUILT_PRODUCTS_DIR)/MusinsaBeck.app/MusinsaBeck";
			};
			name = Release;
		};
/* End XCBuildConfiguration section */

/* Begin XCConfigurationList section */
		1B2D6ABB287E571A0061A9FF /* Build configuration list for PBXProject "MusinsaBeck" */ = {
			isa = XCConfigurationList;
			buildConfigurations = (
				1B2D6AD2287E571B0061A9FF /* Debug */,
				1B2D6AD3287E571B0061A9FF /* Release */,
			);
			defaultConfigurationIsVisible = 0;
			defaultConfigurationName = Release;
		};
		1B2D6AD4287E571B0061A9FF /* Build configuration list for PBXNativeTarget "MusinsaBeck" */ = {
			isa = XCConfigurationList;
			buildConfigurations = (
				1B2D6AD5287E571B0061A9FF /* Debug */,
				1B2D6AD6287E571B0061A9FF /* Release */,
			);
			defaultConfigurationIsVisible = 0;
			defaultConfigurationName = Release;
		};
		1BE8B985287EC72200C3DDE8 /* Build configuration list for PBXNativeTarget "MusinsaBeckTests" */ = {
			isa = XCConfigurationList;
			buildConfigurations = (
				1BE8B986287EC72200C3DDE8 /* Debug */,
				1BE8B987287EC72200C3DDE8 /* Release */,
			);
			defaultConfigurationIsVisible = 0;
			defaultConfigurationName = Release;
		};
/* End XCConfigurationList section */
	};
	rootObject = 1B2D6AB8287E571A0061A9FF /* Project object */;
}
